{
  "name": "FoodHunter",
  "version": "1.0.0",
  "lockfileVersion": 2,
  "requires": true,
  "packages": {
    "": {
      "name": "FoodHunter",
      "version": "1.0.0",
      "dependencies": {
        "korean-random-words": "^1.0.3"
      }
    },
    "node_modules/korean-random-words": {
      "version": "1.0.3",
      "resolved": "https://registry.npmjs.org/korean-random-words/-/korean-random-words-1.0.3.tgz",
      "integrity": "sha512-LJk41qDWDzZ2QUftVaeG6Y1NJPT3DM4LR0QLOrJGaOH1Cv2A9hYDI2+XESDhThdAmD07gW09oDOiZ8RJRqSQCA==",
      "funding": [
        {
          "type": "kakaopay-mobile",
          "url": "https://qr.kakaopay.com/281006011000066782745246"
        },
        {
          "type": "buy me a coffee",
          "url": "https://www.buymeacoffee.com/doubtfulmr"
        }
      ]
    }
  },
  "dependencies": {
    "korean-random-words": {
      "version": "1.0.3",
      "resolved": "https://registry.npmjs.org/korean-random-words/-/korean-random-words-1.0.3.tgz",
      "integrity": "sha512-LJk41qDWDzZ2QUftVaeG6Y1NJPT3DM4LR0QLOrJGaOH1Cv2A9hYDI2+XESDhThdAmD07gW09oDOiZ8RJRqSQCA=="
    }
  }
}
